
Microsoft Visual Studio Solution File, Format Version 12.00
# Visual Studio Version 17
VisualStudioVersion = 17.7.34221.43
MinimumVisualStudioVersion = 10.0.40219.1
Project("{FAE04EC0-301F-11D3-BF4B-00C04F79EFBC}") = "my-school", "my-school.csproj", "{095BD63E-CE4C-4DD2-924A-A460D8ED3B52}"
EndProject
Global
	GlobalSection(SolutionConfigurationPlatforms) = preSolution
		Debug|Any CPU = Debug|Any CPU
		Release|Any CPU = Release|Any CPU
	EndGlobalSection
	GlobalSection(ProjectConfigurationPlatforms) = postSolution
		{095BD63E-CE4C-4DD2-924A-A460D8ED3B52}.Debug|Any CPU.ActiveCfg = Debug|Any CPU
		{095BD63E-CE4C-4DD2-924A-A460D8ED3B52}.Debug|Any CPU.Build.0 = Debug|Any CPU
		{095BD63E-CE4C-4DD2-924A-A460D8ED3B52}.Release|Any CPU.ActiveCfg = Release|Any CPU
		{095BD63E-CE4C-4DD2-924A-A460D8ED3B52}.Release|Any CPU.Build.0 = Release|Any CPU
	EndGlobalSection
	GlobalSection(SolutionProperties) = preSolution
		HideSolutionNode = FALSE
	EndGlobalSection
	GlobalSection(ExtensibilityGlobals) = postSolution
		SolutionGuid = {7FE26B19-DB2A-4681-9CFF-51A33E1950D1}
	EndGlobalSection
EndGlobal
